// !$*UTF8*$!
{
	archiveVersion = 1;
	classes = {
	};
	objectVersion = 46;
	objects = {

/* Begin PBXBuildFile section */
		3F74106E1A182324000E8317 /* AppDelegate.swift in Sources */ = {isa = PBXBuildFile; fileRef = 3F74106D1A182324000E8317 /* AppDelegate.swift */; };
		3F7410701A182324000E8317 /* MasterViewController.swift in Sources */ = {isa = PBXBuildFile; fileRef = 3F74106F1A182324000E8317 /* MasterViewController.swift */; };
		3F7410721A182324000E8317 /* DetailViewController.swift in Sources */ = {isa = PBXBuildFile; fileRef = 3F7410711A182324000E8317 /* DetailViewController.swift */; };
		3F7410751A182324000E8317 /* Main.storyboard in Resources */ = {isa = PBXBuildFile; fileRef = 3F7410731A182324000E8317 /* Main.storyboard */; };
		3F7410771A182324000E8317 /* Images.xcassets in Resources */ = {isa = PBXBuildFile; fileRef = 3F7410761A182324000E8317 /* Images.xcassets */; };
		3F74107A1A182324000E8317 /* LaunchScreen.xib in Resources */ = {isa = PBXBuildFile; fileRef = 3F7410781A182324000E8317 /* LaunchScreen.xib */; };
		3F7410861A182324000E8317 /* FlashkardTests.swift in Sources */ = {isa = PBXBuildFile; fileRef = 3F7410851A182324000E8317 /* FlashkardTests.swift */; };
		5F30BB431A182A4B00F82706 /* Card.xcdatamodeld in Sources */ = {isa = PBXBuildFile; fileRef = 5F30BB411A182A4B00F82706 /* Card.xcdatamodeld */; };
		5F30BB451A182AE800F82706 /* Card.swift in Sources */ = {isa = PBXBuildFile; fileRef = 5F30BB441A182AE800F82706 /* Card.swift */; };
		5F30BB4A1A182D0700F82706 /* Deck.swift in Sources */ = {isa = PBXBuildFile; fileRef = 5F30BB491A182D0700F82706 /* Deck.swift */; };
		5F30BB4C1A182D9A00F82706 /* CoreDataManager.swift in Sources */ = {isa = PBXBuildFile; fileRef = 5F30BB4B1A182D9A00F82706 /* CoreDataManager.swift */; };
/* End PBXBuildFile section */

/* Begin PBXContainerItemProxy section */
		3F7410801A182324000E8317 /* PBXContainerItemProxy */ = {
			isa = PBXContainerItemProxy;
			containerPortal = 3F7410601A182324000E8317 /* Project object */;
			proxyType = 1;
			remoteGlobalIDString = 3F7410671A182324000E8317;
			remoteInfo = Flashkard;
		};
/* End PBXContainerItemProxy section */

/* Begin PBXFileReference section */
		3F7410681A182324000E8317 /* Flashkard.app */ = {isa = PBXFileReference; explicitFileType = wrapper.application; includeInIndex = 0; path = Flashkard.app; sourceTree = BUILT_PRODUCTS_DIR; };
		3F74106C1A182324000E8317 /* Info.plist */ = {isa = PBXFileReference; lastKnownFileType = text.plist.xml; path = Info.plist; sourceTree = "<group>"; };
		3F74106D1A182324000E8317 /* AppDelegate.swift */ = {isa = PBXFileReference; lastKnownFileType = sourcecode.swift; path = AppDelegate.swift; sourceTree = "<group>"; };
		3F74106F1A182324000E8317 /* MasterViewController.swift */ = {isa = PBXFileReference; lastKnownFileType = sourcecode.swift; path = MasterViewController.swift; sourceTree = "<group>"; };
		3F7410711A182324000E8317 /* DetailViewController.swift */ = {isa = PBXFileReference; lastKnownFileType = sourcecode.swift; path = DetailViewController.swift; sourceTree = "<group>"; };
		3F7410741A182324000E8317 /* Base */ = {isa = PBXFileReference; lastKnownFileType = file.storyboard; name = Base; path = Base.lproj/Main.storyboard; sourceTree = "<group>"; };
		3F7410761A182324000E8317 /* Images.xcassets */ = {isa = PBXFileReference; lastKnownFileType = folder.assetcatalog; path = Images.xcassets; sourceTree = "<group>"; };
		3F7410791A182324000E8317 /* Base */ = {isa = PBXFileReference; lastKnownFileType = file.xib; name = Base; path = Base.lproj/LaunchScreen.xib; sourceTree = "<group>"; };
		3F74107F1A182324000E8317 /* FlashkardTests.xctest */ = {isa = PBXFileReference; explicitFileType = wrapper.cfbundle; includeInIndex = 0; path = FlashkardTests.xctest; sourceTree = BUILT_PRODUCTS_DIR; };
		3F7410841A182324000E8317 /* Info.plist */ = {isa = PBXFileReference; lastKnownFileType = text.plist.xml; path = Info.plist; sourceTree = "<group>"; };
		3F7410851A182324000E8317 /* FlashkardTests.swift */ = {isa = PBXFileReference; lastKnownFileType = sourcecode.swift; path = FlashkardTests.swift; sourceTree = "<group>"; };
		5F30BB421A182A4B00F82706 /* FlashKard.xcdatamodel */ = {isa = PBXFileReference; lastKnownFileType = wrapper.xcdatamodel; path = FlashKard.xcdatamodel; sourceTree = "<group>"; };
		5F30BB441A182AE800F82706 /* Card.swift */ = {isa = PBXFileReference; fileEncoding = 4; lastKnownFileType = sourcecode.swift; path = Card.swift; sourceTree = "<group>"; };
		5F30BB491A182D0700F82706 /* Deck.swift */ = {isa = PBXFileReference; fileEncoding = 4; lastKnownFileType = sourcecode.swift; path = Deck.swift; sourceTree = "<group>"; };
		5F30BB4B1A182D9A00F82706 /* CoreDataManager.swift */ = {isa = PBXFileReference; fileEncoding = 4; lastKnownFileType = sourcecode.swift; path = CoreDataManager.swift; sourceTree = "<group>"; };
/* End PBXFileReference section */

/* Begin PBXFrameworksBuildPhase section */
		3F7410651A182324000E8317 /* Frameworks */ = {
			isa = PBXFrameworksBuildPhase;
			buildActionMask = 2147483647;
			files = (
			);
			runOnlyForDeploymentPostprocessing = 0;
		};
		3F74107C1A182324000E8317 /* Frameworks */ = {
			isa = PBXFrameworksBuildPhase;
			buildActionMask = 2147483647;
			files = (
			);
			runOnlyForDeploymentPostprocessing = 0;
		};
/* End PBXFrameworksBuildPhase section */

/* Begin PBXGroup section */
		3F74105F1A182324000E8317 = {
			isa = PBXGroup;
			children = (
				3F74106A1A182324000E8317 /* Flashkard */,
				3F7410821A182324000E8317 /* FlashkardTests */,
				3F7410691A182324000E8317 /* Products */,
			);
			sourceTree = "<group>";
		};
		3F7410691A182324000E8317 /* Products */ = {
			isa = PBXGroup;
			children = (
				3F7410681A182324000E8317 /* Flashkard.app */,
				3F74107F1A182324000E8317 /* FlashkardTests.xctest */,
			);
			name = Products;
			sourceTree = "<group>";
		};
		3F74106A1A182324000E8317 /* Flashkard */ = {
			isa = PBXGroup;
			children = (
				3F74106D1A182324000E8317 /* AppDelegate.swift */,
				3F74106F1A182324000E8317 /* MasterViewController.swift */,
				3F7410711A182324000E8317 /* DetailViewController.swift */,
				3F7410731A182324000E8317 /* Main.storyboard */,
				3F7410761A182324000E8317 /* Images.xcassets */,
				3F7410781A182324000E8317 /* LaunchScreen.xib */,
				3F74106B1A182324000E8317 /* Supporting Files */,
				5F30BB411A182A4B00F82706 /* Card.xcdatamodeld */,
				5F30BB441A182AE800F82706 /* Card.swift */,
				5F30BB491A182D0700F82706 /* Deck.swift */,
				5F30BB4B1A182D9A00F82706 /* CoreDataManager.swift */,
			);
			path = Flashkard;
			sourceTree = "<group>";
		};
		3F74106B1A182324000E8317 /* Supporting Files */ = {
			isa = PBXGroup;
			children = (
				3F74106C1A182324000E8317 /* Info.plist */,
			);
			name = "Supporting Files";
			sourceTree = "<group>";
		};
		3F7410821A182324000E8317 /* FlashkardTests */ = {
			isa = PBXGroup;
			children = (
				3F7410851A182324000E8317 /* FlashkardTests.swift */,
				3F7410831A182324000E8317 /* Supporting Files */,
			);
			path = FlashkardTests;
			sourceTree = "<group>";
		};
		3F7410831A182324000E8317 /* Supporting Files */ = {
			isa = PBXGroup;
			children = (
				3F7410841A182324000E8317 /* Info.plist */,
			);
			name = "Supporting Files";
			sourceTree = "<group>";
		};
/* End PBXGroup section */

/* Begin PBXNativeTarget section */
		3F7410671A182324000E8317 /* Flashkard */ = {
			isa = PBXNativeTarget;
			buildConfigurationList = 3F7410891A182324000E8317 /* Build configuration list for PBXNativeTarget "Flashkard" */;
			buildPhases = (
				3F7410641A182324000E8317 /* Sources */,
				3F7410651A182324000E8317 /* Frameworks */,
				3F7410661A182324000E8317 /* Resources */,
			);
			buildRules = (
			);
			dependencies = (
			);
			name = Flashkard;
			productName = Flashkard;
			productReference = 3F7410681A182324000E8317 /* Flashkard.app */;
			productType = "com.apple.product-type.application";
		};
		3F74107E1A182324000E8317 /* FlashkardTests */ = {
			isa = PBXNativeTarget;
			buildConfigurationList = 3F74108C1A182324000E8317 /* Build configuration list for PBXNativeTarget "FlashkardTests" */;
			buildPhases = (
				3F74107B1A182324000E8317 /* Sources */,
				3F74107C1A182324000E8317 /* Frameworks */,
				3F74107D1A182324000E8317 /* Resources */,
			);
			buildRules = (
			);
			dependencies = (
				3F7410811A182324000E8317 /* PBXTargetDependency */,
			);
			name = FlashkardTests;
			productName = FlashkardTests;
			productReference = 3F74107F1A182324000E8317 /* FlashkardTests.xctest */;
			productType = "com.apple.product-type.bundle.unit-test";
		};
/* End PBXNativeTarget section */

/* Begin PBXProject section */
		3F7410601A182324000E8317 /* Project object */ = {
			isa = PBXProject;
			attributes = {
				LastUpgradeCheck = 0610;
				ORGANIZATIONNAME = "Luke Newman";
				TargetAttributes = {
					3F7410671A182324000E8317 = {
						CreatedOnToolsVersion = 6.1;
					};
					3F74107E1A182324000E8317 = {
						CreatedOnToolsVersion = 6.1;
						TestTargetID = 3F7410671A182324000E8317;
					};
				};
			};
			buildConfigurationList = 3F7410631A182324000E8317 /* Build configuration list for PBXProject "Flashkard" */;
			compatibilityVersion = "Xcode 3.2";
			developmentRegion = English;
			hasScannedForEncodings = 0;
			knownRegions = (
				en,
				Base,
			);
			mainGroup = 3F74105F1A182324000E8317;
			productRefGroup = 3F7410691A182324000E8317 /* Products */;
			projectDirPath = "";
			projectRoot = "";
			targets = (
				3F7410671A182324000E8317 /* Flashkard */,
				3F74107E1A182324000E8317 /* FlashkardTests */,
			);
		};
/* End PBXProject section */

/* Begin PBXResourcesBuildPhase section */
		3F7410661A182324000E8317 /* Resources */ = {
			isa = PBXResourcesBuildPhase;
			buildActionMask = 2147483647;
			files = (
				3F7410751A182324000E8317 /* Main.storyboard in Resources */,
				3F74107A1A182324000E8317 /* LaunchScreen.xib in Resources */,
				3F7410771A182324000E8317 /* Images.xcassets in Resources */,
			);
			runOnlyForDeploymentPostprocessing = 0;
		};
		3F74107D1A182324000E8317 /* Resources */ = {
			isa = PBXResourcesBuildPhase;
			buildActionMask = 2147483647;
			files = (
			);
			runOnlyForDeploymentPostprocessing = 0;
		};
/* End PBXResourcesBuildPhase section */

/* Begin PBXSourcesBuildPhase section */
		3F7410641A182324000E8317 /* Sources */ = {
			isa = PBXSourcesBuildPhase;
			buildActionMask = 2147483647;
			files = (
				5F30BB4A1A182D0700F82706 /* Deck.swift in Sources */,
				3F7410721A182324000E8317 /* DetailViewController.swift in Sources */,
				3F7410701A182324000E8317 /* MasterViewController.swift in Sources */,
				5F30BB451A182AE800F82706 /* Card.swift in Sources */,
				3F74106E1A182324000E8317 /* AppDelegate.swift in Sources */,
				5F30BB4C1A182D9A00F82706 /* CoreDataManager.swift in Sources */,
				5F30BB431A182A4B00F82706 /* Card.xcdatamodeld in Sources */,
			);
			runOnlyForDeploymentPostprocessing = 0;
		};
		3F74107B1A182324000E8317 /* Sources */ = {
			isa = PBXSourcesBuildPhase;
			buildActionMask = 2147483647;
			files = (
				3F7410861A182324000E8317 /* FlashkardTests.swift in Sources */,
			);
			runOnlyForDeploymentPostprocessing = 0;
		};
/* End PBXSourcesBuildPhase section */

/* Begin PBXTargetDependency section */
		3F7410811A182324000E8317 /* PBXTargetDependency */ = {
			isa = PBXTargetDependency;
			target = 3F7410671A182324000E8317 /* Flashkard */;
			targetProxy = 3F7410801A182324000E8317 /* PBXContainerItemProxy */;
		};
/* End PBXTargetDependency section */

/* Begin PBXVariantGroup section */
		3F7410731A182324000E8317 /* Main.storyboard */ = {
			isa = PBXVariantGroup;
			children = (
				3F7410741A182324000E8317 /* Base */,
			);
			name = Main.storyboard;
			sourceTree = "<group>";
		};
		3F7410781A182324000E8317 /* LaunchScreen.xib */ = {
			isa = PBXVariantGroup;
			children = (
				3F7410791A182324000E8317 /* Base */,
			);
			name = LaunchScreen.xib;
			sourceTree = "<group>";
		};
/* End PBXVariantGroup section */

/* Begin XCBuildConfiguration section */
		3F7410871A182324000E8317 /* Debug */ = {
			isa = XCBuildConfiguration;
			buildSettings = {
				ALWAYS_SEARCH_USER_PATHS = NO;
				CLANG_CXX_LANGUAGE_STANDARD = "gnu++0x";
				CLANG_CXX_LIBRARY = "libc++";
				CLANG_ENABLE_MODULES = YES;
				CLANG_ENABLE_OBJC_ARC = YES;
				CLANG_WARN_BOOL_CONVERSION = YES;
				CLANG_WARN_CONSTANT_CONVERSION = YES;
				CLANG_WARN_DIRECT_OBJC_ISA_USAGE = YES_ERROR;
				CLANG_WARN_EMPTY_BODY = YES;
				CLANG_WARN_ENUM_CONVERSION = YES;
				CLANG_WARN_INT_CONVERSION = YES;
				CLANG_WARN_OBJC_ROOT_CLASS = YES_ERROR;
				CLANG_WARN_UNREACHABLE_CODE = YES;
				CLANG_WARN__DUPLICATE_METHOD_MATCH = YES;
				"CODE_SIGN_IDENTITY[sdk=iphoneos*]" = "iPhone Developer";
				COPY_PHASE_STRIP = NO;
				ENABLE_STRICT_OBJC_MSGSEND = YES;
				GCC_C_LANGUAGE_STANDARD = gnu99;
				GCC_DYNAMIC_NO_PIC = NO;
				GCC_OPTIMIZATION_LEVEL = 0;
				GCC_PREPROCESSOR_DEFINITIONS = (
					"DEBUG=1",
					"$(inherited)",
				);
				GCC_SYMBOLS_PRIVATE_EXTERN = NO;
				GCC_WARN_64_TO_32_BIT_CONVERSION = YES;
				GCC_WARN_ABOUT_RETURN_TYPE = YES_ERROR;
				GCC_WARN_UNDECLARED_SELECTOR = YES;
				GCC_WARN_UNINITIALIZED_AUTOS = YES_AGGRESSIVE;
				GCC_WARN_UNUSED_FUNCTION = YES;
				GCC_WARN_UNUSED_VARIABLE = YES;
				IPHONEOS_DEPLOYMENT_TARGET = 8.1;
				MTL_ENABLE_DEBUG_INFO = YES;
				ONLY_ACTIVE_ARCH = YES;
				SDKROOT = iphoneos;
				SWIFT_OPTIMIZATION_LEVEL = "-Onone";
			};
			name = Debug;
		};
		3F7410881A182324000E8317 /* Release */ = {
			isa = XCBuildConfiguration;
			buildSettings = {
				ALWAYS_SEARCH_USER_PATHS = NO;
				CLANG_CXX_LANGUAGE_STANDARD = "gnu++0x";
				CLANG_CXX_LIBRARY = "libc++";
				CLANG_ENABLE_MODULES = YES;
				CLANG_ENABLE_OBJC_ARC = YES;
				CLANG_WARN_BOOL_CONVERSION = YES;
				CLANG_WARN_CONSTANT_CONVERSION = YES;
				CLANG_WARN_DIRECT_OBJC_ISA_USAGE = YES_ERROR;
				CLANG_WARN_EMPTY_BODY = YES;
				CLANG_WARN_ENUM_CONVERSION = YES;
				CLANG_WARN_INT_CONVERSION = YES;
				CLANG_WARN_OBJC_ROOT_CLASS = YES_ERROR;
				CLANG_WARN_UNREACHABLE_CODE = YES;
				CLANG_WARN__DUPLICATE_METHOD_MATCH = YES;
				"CODE_SIGN_IDENTITY[sdk=iphoneos*]" = "iPhone Developer";
				COPY_PHASE_STRIP = YES;
				ENABLE_NS_ASSERTIONS = NO;
				ENABLE_STRICT_OBJC_MSGSEND = YES;
				GCC_C_LANGUAGE_STANDARD = gnu99;
				GCC_WARN_64_TO_32_BIT_CONVERSION = YES;
				GCC_WARN_ABOUT_RETURN_TYPE = YES_ERROR;
				GCC_WARN_UNDECLARED_SELECTOR = YES;
				GCC_WARN_UNINITIALIZED_AUTOS = YES_AGGRESSIVE;
				GCC_WARN_UNUSED_FUNCTION = YES;
				GCC_WARN_UNUSED_VARIABLE = YES;
				IPHONEOS_DEPLOYMENT_TARGET = 8.1;
				MTL_ENABLE_DEBUG_INFO = NO;
				SDKROOT = iphoneos;
				VALIDATE_PRODUCT = YES;
			};
			name = Release;
		};
		3F74108A1A182324000E8317 /* Debug */ = {
			isa = XCBuildConfiguration;
			buildSettings = {
				ASSETCATALOG_COMPILER_APPICON_NAME = AppIcon;
				INFOPLIST_FILE = Flashkard/Info.plist;
				LD_RUNPATH_SEARCH_PATHS = "$(inherited) @executable_path/Frameworks";
				PRODUCT_NAME = "$(TARGET_NAME)";
			};
			name = Debug;
		};
		3F74108B1A182324000E8317 /* Release */ = {
			isa = XCBuildConfiguration;
			buildSettings = {
				ASSETCATALOG_COMPILER_APPICON_NAME = AppIcon;
				INFOPLIST_FILE = Flashkard/Info.plist;
				LD_RUNPATH_SEARCH_PATHS = "$(inherited) @executable_path/Frameworks";
				PRODUCT_NAME = "$(TARGET_NAME)";
			};
			name = Release;
		};
		3F74108D1A182324000E8317 /* Debug */ = {
			isa = XCBuildConfiguration;
			buildSettings = {
				BUNDLE_LOADER = "$(TEST_HOST)";
				FRAMEWORK_SEARCH_PATHS = (
					"$(SDKROOT)/Developer/Library/Frameworks",
					"$(inherited)",
				);
				GCC_PREPROCESSOR_DEFINITIONS = (
					"DEBUG=1",
					"$(inherited)",
				);
				INFOPLIST_FILE = FlashkardTests/Info.plist;
				LD_RUNPATH_SEARCH_PATHS = "$(inherited) @executable_path/Frameworks @loader_path/Frameworks";
				PRODUCT_NAME = "$(TARGET_NAME)";
				TEST_HOST = "$(BUILT_PRODUCTS_DIR)/Flashkard.app/Flashkard";
			};
			name = Debug;
		};
		3F74108E1A182324000E8317 /* Release */ = {
			isa = XCBuildConfiguration;
			buildSettings = {
				BUNDLE_LOADER = "$(TEST_HOST)";
				FRAMEWORK_SEARCH_PATHS = (
					"$(SDKROOT)/Developer/Library/Frameworks",
					"$(inherited)",
				);
				INFOPLIST_FILE = FlashkardTests/Info.plist;
				LD_RUNPATH_SEARCH_PATHS = "$(inherited) @executable_path/Frameworks @loader_path/Frameworks";
				PRODUCT_NAME = "$(TARGET_NAME)";
				TEST_HOST = "$(BUILT_PRODUCTS_DIR)/Flashkard.app/Flashkard";
			};
			name = Release;
		};
/* End XCBuildConfiguration section */

/* Begin XCConfigurationList section */
		3F7410631A182324000E8317 /* Build configuration list for PBXProject "Flashkard" */ = {
			isa = XCConfigurationList;
			buildConfigurations = (
				3F7410871A182324000E8317 /* Debug */,
				3F7410881A182324000E8317 /* Release */,
			);
			defaultConfigurationIsVisible = 0;
			defaultConfigurationName = Release;
		};
		3F7410891A182324000E8317 /* Build configuration list for PBXNativeTarget "Flashkard" */ = {
			isa = XCConfigurationList;
			buildConfigurations = (
				3F74108A1A182324000E8317 /* Debug */,
				3F74108B1A182324000E8317 /* Release */,
			);
			defaultConfigurationIsVisible = 0;
			defaultConfigurationName = Release;
		};
		3F74108C1A182324000E8317 /* Build configuration list for PBXNativeTarget "FlashkardTests" */ = {
			isa = XCConfigurationList;
			buildConfigurations = (
				3F74108D1A182324000E8317 /* Debug */,
				3F74108E1A182324000E8317 /* Release */,
			);
			defaultConfigurationIsVisible = 0;
			defaultConfigurationName = Release;
		};
/* End XCConfigurationList section */

/* Begin XCVersionGroup section */
		5F30BB411A182A4B00F82706 /* Card.xcdatamodeld */ = {
			isa = XCVersionGroup;
			children = (
				5F30BB421A182A4B00F82706 /* FlashKard.xcdatamodel */,
			);
			currentVersion = 5F30BB421A182A4B00F82706 /* FlashKard.xcdatamodel */;
			path = Card.xcdatamodeld;
			sourceTree = "<group>";
			versionGroupType = wrapper.xcdatamodel;
		};
/* End XCVersionGroup section */
	};
	rootObject = 3F7410601A182324000E8317 /* Project object */;
}
